
Microsoft Visual Studio Solution File, Format Version 12.00
# Visual Studio Version 16
VisualStudioVersion = 16.0.29613.14
MinimumVisualStudioVersion = 10.0.40219.1
Project("{FAE04EC0-301F-11D3-BF4B-00C04F79EFBC}") = "TestGit", "TestGit.csproj", "{BFA88DA9-3A89-4AFC-A853-5400AA9B8929}"
EndProject
Global
	GlobalSection(SolutionConfigurationPlatforms) = preSolution
		Debug|Any CPU = Debug|Any CPU
		Release|Any CPU = Release|Any CPU
	EndGlobalSection
	GlobalSection(ProjectConfigurationPlatforms) = postSolution
		{BFA88DA9-3A89-4AFC-A853-5400AA9B8929}.Debug|Any CPU.ActiveCfg = Debug|Any CPU
		{BFA88DA9-3A89-4AFC-A853-5400AA9B8929}.Debug|Any CPU.Build.0 = Debug|Any CPU
		{BFA88DA9-3A89-4AFC-A853-5400AA9B8929}.Release|Any CPU.ActiveCfg = Release|Any CPU
		{BFA88DA9-3A89-4AFC-A853-5400AA9B8929}.Release|Any CPU.Build.0 = Release|Any CPU
	EndGlobalSection
	GlobalSection(SolutionProperties) = preSolution
		HideSolutionNode = FALSE
	EndGlobalSection
	GlobalSection(ExtensibilityGlobals) = postSolution
		SolutionGuid = {41D94F79-5ACA-47BA-8E5E-6EE7627F7AFB}
	EndGlobalSection
EndGlobal
